
Microsoft Visual Studio Solution File, Format Version 12.00
# Visual Studio Version 17
VisualStudioVersion = 17.10.35122.118
MinimumVisualStudioVersion = 10.0.40219.1
Project("{FAE04EC0-301F-11D3-BF4B-00C04F79EFBC}") = "Corewebapp", "Corewebapp.csproj", "{3396ECBD-E1CC-4A7A-9EB7-6E3E53DEA776}"
EndProject
Global
	GlobalSection(SolutionConfigurationPlatforms) = preSolution
		Debug|Any CPU = Debug|Any CPU
		Release|Any CPU = Release|Any CPU
	EndGlobalSection
	GlobalSection(ProjectConfigurationPlatforms) = postSolution
		{3396ECBD-E1CC-4A7A-9EB7-6E3E53DEA776}.Debug|Any CPU.ActiveCfg = Debug|Any CPU
		{3396ECBD-E1CC-4A7A-9EB7-6E3E53DEA776}.Debug|Any CPU.Build.0 = Debug|Any CPU
		{3396ECBD-E1CC-4A7A-9EB7-6E3E53DEA776}.Release|Any CPU.ActiveCfg = Release|Any CPU
		{3396ECBD-E1CC-4A7A-9EB7-6E3E53DEA776}.Release|Any CPU.Build.0 = Release|Any CPU
	EndGlobalSection
	GlobalSection(SolutionProperties) = preSolution
		HideSolutionNode = FALSE
	EndGlobalSection
	GlobalSection(ExtensibilityGlobals) = postSolution
		SolutionGuid = {4FE3F204-2E3E-4CD2-A0EA-5FB84928FBCF}
	EndGlobalSection
EndGlobal
